
Microsoft Visual Studio Solution File, Format Version 11.00
# Visual C# Express 2010
Project("{FAE04EC0-301F-11D3-BF4B-00C04F79EFBC}") = "Extinction", "Extinction\Extinction\Extinction.csproj", "{8C6A530E-99D0-47D3-9E5F-6173CB2AB1F5}"
EndProject
Project("{96E2B04D-8817-42C6-938A-82C39BA4D311}") = "ExtinctionContent", "Extinction\ExtinctionContent\ExtinctionContent.contentproj", "{2B70749A-C095-410F-BBE9-30CB5467E781}"
EndProject
Global
	GlobalSection(SolutionConfigurationPlatforms) = preSolution
		Debug|x86 = Debug|x86
		Release|x86 = Release|x86
	EndGlobalSection
	GlobalSection(ProjectConfigurationPlatforms) = postSolution
		{8C6A530E-99D0-47D3-9E5F-6173CB2AB1F5}.Debug|x86.ActiveCfg = Debug|x86
		{8C6A530E-99D0-47D3-9E5F-6173CB2AB1F5}.Debug|x86.Build.0 = Debug|x86
		{8C6A530E-99D0-47D3-9E5F-6173CB2AB1F5}.Release|x86.ActiveCfg = Release|x86
		{8C6A530E-99D0-47D3-9E5F-6173CB2AB1F5}.Release|x86.Build.0 = Release|x86
		{2B70749A-C095-410F-BBE9-30CB5467E781}.Debug|x86.ActiveCfg = Debug|x86
		{2B70749A-C095-410F-BBE9-30CB5467E781}.Release|x86.ActiveCfg = Release|x86
	EndGlobalSection
	GlobalSection(SolutionProperties) = preSolution
		HideSolutionNode = FALSE
	EndGlobalSection
EndGlobal
